
Microsoft Visual Studio Solution File, Format Version 12.00
# Visual Studio 15
VisualStudioVersion = 15.0.27130.2003
MinimumVisualStudioVersion = 10.0.40219.1
Project("{888888A0-9F3D-457C-B088-3A5042F75D52}") = "WebSurfer", "WebSurfer\WebSurfer.pyproj", "{D32F47D1-6B48-476C-B5E8-139AA1B4CA0F}"
EndProject
Global
	GlobalSection(SolutionConfigurationPlatforms) = preSolution
		Debug|Any CPU = Debug|Any CPU
		Release|Any CPU = Release|Any CPU
	EndGlobalSection
	GlobalSection(ProjectConfigurationPlatforms) = postSolution
		{D32F47D1-6B48-476C-B5E8-139AA1B4CA0F}.Debug|Any CPU.ActiveCfg = Debug|Any CPU
		{D32F47D1-6B48-476C-B5E8-139AA1B4CA0F}.Debug|Any CPU.Build.0 = Debug|Any CPU
		{D32F47D1-6B48-476C-B5E8-139AA1B4CA0F}.Release|Any CPU.ActiveCfg = Release|Any CPU
		{D32F47D1-6B48-476C-B5E8-139AA1B4CA0F}.Release|Any CPU.Build.0 = Release|Any CPU
	EndGlobalSection
	GlobalSection(SolutionProperties) = preSolution
		HideSolutionNode = FALSE
	EndGlobalSection
	GlobalSection(ExtensibilityGlobals) = postSolution
		SolutionGuid = {66C7B0AE-0481-45B7-BFDF-656E26BA335B}
	EndGlobalSection
EndGlobal
